
Microsoft Visual Studio Solution File, Format Version 12.00
# Visual Studio 15
VisualStudioVersion = 15.0.28307.705
MinimumVisualStudioVersion = 10.0.40219.1
Project("{FAE04EC0-301F-11D3-BF4B-00C04F79EFBC}") = "STXtoSQL_IPJRAN_NET", "STXtoSQL_IPJRAN_NET\STXtoSQL_IPJRAN_NET.csproj", "{AC6C57BC-AE4D-482F-B20A-5AD25191AD5B}"
EndProject
Global
	GlobalSection(SolutionConfigurationPlatforms) = preSolution
		Debug|Any CPU = Debug|Any CPU
		Release|Any CPU = Release|Any CPU
	EndGlobalSection
	GlobalSection(ProjectConfigurationPlatforms) = postSolution
		{AC6C57BC-AE4D-482F-B20A-5AD25191AD5B}.Debug|Any CPU.ActiveCfg = Debug|Any CPU
		{AC6C57BC-AE4D-482F-B20A-5AD25191AD5B}.Debug|Any CPU.Build.0 = Debug|Any CPU
		{AC6C57BC-AE4D-482F-B20A-5AD25191AD5B}.Release|Any CPU.ActiveCfg = Release|Any CPU
		{AC6C57BC-AE4D-482F-B20A-5AD25191AD5B}.Release|Any CPU.Build.0 = Release|Any CPU
	EndGlobalSection
	GlobalSection(SolutionProperties) = preSolution
		HideSolutionNode = FALSE
	EndGlobalSection
	GlobalSection(ExtensibilityGlobals) = postSolution
		SolutionGuid = {0CDE7890-0EFC-4CC1-94D0-30CC1908B705}
	EndGlobalSection
EndGlobal
